
Microsoft Visual Studio Solution File, Format Version 12.00
# Visual Studio Version 16
VisualStudioVersion = 16.0.29709.97
MinimumVisualStudioVersion = 10.0.40219.1
Project("{9A19103F-16F7-4668-BE54-9A1E7A4F7556}") = "StudentInformationSystem", "StudentInformationSystem.csproj", "{E029A150-3B93-45D3-AB1C-2EABC9E8B757}"
EndProject
Global
	GlobalSection(SolutionConfigurationPlatforms) = preSolution
		Debug|Any CPU = Debug|Any CPU
		Release|Any CPU = Release|Any CPU
	EndGlobalSection
	GlobalSection(ProjectConfigurationPlatforms) = postSolution
		{E029A150-3B93-45D3-AB1C-2EABC9E8B757}.Debug|Any CPU.ActiveCfg = Debug|Any CPU
		{E029A150-3B93-45D3-AB1C-2EABC9E8B757}.Debug|Any CPU.Build.0 = Debug|Any CPU
		{E029A150-3B93-45D3-AB1C-2EABC9E8B757}.Release|Any CPU.ActiveCfg = Release|Any CPU
		{E029A150-3B93-45D3-AB1C-2EABC9E8B757}.Release|Any CPU.Build.0 = Release|Any CPU
	EndGlobalSection
	GlobalSection(SolutionProperties) = preSolution
		HideSolutionNode = FALSE
	EndGlobalSection
	GlobalSection(ExtensibilityGlobals) = postSolution
		SolutionGuid = {0AB12373-E0CC-4928-AB8B-4DC4783D9051}
	EndGlobalSection
EndGlobal
